
Microsoft Visual Studio Solution File, Format Version 12.00
# Visual Studio Version 17
VisualStudioVersion = 17.10.35004.147
MinimumVisualStudioVersion = 10.0.40219.1
Project("{9A19103F-16F7-4668-BE54-9A1E7A4F7556}") = "RevitWorksets", "RevitWorksets\RevitWorksets.csproj", "{0EF02CB6-5E18-4E15-A91A-177C6F964273}"
EndProject
Global
	GlobalSection(SolutionConfigurationPlatforms) = preSolution
		R2017|Any CPU = R2017|Any CPU
		R2018|Any CPU = R2018|Any CPU
		R2019|Any CPU = R2019|Any CPU
		R2020|Any CPU = R2020|Any CPU
		R2021|Any CPU = R2021|Any CPU
		R2022|Any CPU = R2022|Any CPU
		R2023|Any CPU = R2023|Any CPU
		R2024|Any CPU = R2024|Any CPU
		R2025|Any CPU = R2025|Any CPU
	EndGlobalSection
	GlobalSection(ProjectConfigurationPlatforms) = postSolution
		{0EF02CB6-5E18-4E15-A91A-177C6F964273}.R2017|Any CPU.ActiveCfg = R2017|Any CPU
		{0EF02CB6-5E18-4E15-A91A-177C6F964273}.R2017|Any CPU.Build.0 = R2017|Any CPU
		{0EF02CB6-5E18-4E15-A91A-177C6F964273}.R2018|Any CPU.ActiveCfg = R2018|Any CPU
		{0EF02CB6-5E18-4E15-A91A-177C6F964273}.R2018|Any CPU.Build.0 = R2018|Any CPU
		{0EF02CB6-5E18-4E15-A91A-177C6F964273}.R2019|Any CPU.ActiveCfg = R2019|Any CPU
		{0EF02CB6-5E18-4E15-A91A-177C6F964273}.R2019|Any CPU.Build.0 = R2019|Any CPU
		{0EF02CB6-5E18-4E15-A91A-177C6F964273}.R2020|Any CPU.ActiveCfg = R2020|Any CPU
		{0EF02CB6-5E18-4E15-A91A-177C6F964273}.R2020|Any CPU.Build.0 = R2020|Any CPU
		{0EF02CB6-5E18-4E15-A91A-177C6F964273}.R2021|Any CPU.ActiveCfg = R2021|Any CPU
		{0EF02CB6-5E18-4E15-A91A-177C6F964273}.R2021|Any CPU.Build.0 = R2021|Any CPU
		{0EF02CB6-5E18-4E15-A91A-177C6F964273}.R2022|Any CPU.ActiveCfg = R2022|Any CPU
		{0EF02CB6-5E18-4E15-A91A-177C6F964273}.R2022|Any CPU.Build.0 = R2022|Any CPU
		{0EF02CB6-5E18-4E15-A91A-177C6F964273}.R2023|Any CPU.ActiveCfg = R2023|Any CPU
		{0EF02CB6-5E18-4E15-A91A-177C6F964273}.R2023|Any CPU.Build.0 = R2023|Any CPU
		{0EF02CB6-5E18-4E15-A91A-177C6F964273}.R2024|Any CPU.ActiveCfg = R2024|Any CPU
		{0EF02CB6-5E18-4E15-A91A-177C6F964273}.R2024|Any CPU.Build.0 = R2024|Any CPU
		{0EF02CB6-5E18-4E15-A91A-177C6F964273}.R2025|Any CPU.ActiveCfg = R2025|Any CPU
		{0EF02CB6-5E18-4E15-A91A-177C6F964273}.R2025|Any CPU.Build.0 = R2025|Any CPU
	EndGlobalSection
	GlobalSection(SolutionProperties) = preSolution
		HideSolutionNode = FALSE
	EndGlobalSection
	GlobalSection(ExtensibilityGlobals) = postSolution
		SolutionGuid = {581D63D6-0202-42BA-8703-8B9D8215278B}
	EndGlobalSection
EndGlobal
