
Microsoft Visual Studio Solution File, Format Version 12.00
# Visual Studio Version 16
VisualStudioVersion = 16.0.30002.166
MinimumVisualStudioVersion = 10.0.40219.1
Project("{FAE04EC0-301F-11D3-BF4B-00C04F79EFBC}") = "RevitWorksets", "RevitWorksets\RevitWorksets.csproj", "{0EF02CB6-5E18-4E15-A91A-177C6F964273}"
EndProject
Global
	GlobalSection(SolutionConfigurationPlatforms) = preSolution
		Debug|Any CPU = Debug|Any CPU
		Release|Any CPU = Release|Any CPU
	EndGlobalSection
	GlobalSection(ProjectConfigurationPlatforms) = postSolution
		{0EF02CB6-5E18-4E15-A91A-177C6F964273}.Debug|Any CPU.ActiveCfg = Debug|Any CPU
		{0EF02CB6-5E18-4E15-A91A-177C6F964273}.Debug|Any CPU.Build.0 = Debug|Any CPU
		{0EF02CB6-5E18-4E15-A91A-177C6F964273}.Release|Any CPU.ActiveCfg = Release|Any CPU
		{0EF02CB6-5E18-4E15-A91A-177C6F964273}.Release|Any CPU.Build.0 = Release|Any CPU
	EndGlobalSection
	GlobalSection(SolutionProperties) = preSolution
		HideSolutionNode = FALSE
	EndGlobalSection
	GlobalSection(ExtensibilityGlobals) = postSolution
		SolutionGuid = {581D63D6-0202-42BA-8703-8B9D8215278B}
	EndGlobalSection
EndGlobal
